{
  "name": "hellonode",
  "lockfileVersion": 1,
  "requires": true,
  "dependencies": {
    "@mosfe/portal-proxy": {
      "version": "1.1.7",
      "resolved": "https://registry.npmjs.org/@mosfe/portal-proxy/-/portal-proxy-1.1.7.tgz",
      "integrity": "sha512-abcdefgh123456789...",
      "dev": true,
      "dependencies": {
      }
    }
  }
}
